
Microsoft Visual Studio Solution File, Format Version 12.00
# Visual Studio Version 17
VisualStudioVersion = 17.10.34928.147
MinimumVisualStudioVersion = 10.0.40219.1
Project("{FAE04EC0-301F-11D3-BF4B-00C04F79EFBC}") = "Daily Diary", "Daily Diary.csproj", "{7AE6E06B-72B0-49D4-B3B8-0D0402B27422}"
EndProject
Global
	GlobalSection(SolutionConfigurationPlatforms) = preSolution
		Debug|Any CPU = Debug|Any CPU
		Release|Any CPU = Release|Any CPU
	EndGlobalSection
	GlobalSection(ProjectConfigurationPlatforms) = postSolution
		{7AE6E06B-72B0-49D4-B3B8-0D0402B27422}.Debug|Any CPU.ActiveCfg = Debug|Any CPU
		{7AE6E06B-72B0-49D4-B3B8-0D0402B27422}.Debug|Any CPU.Build.0 = Debug|Any CPU
		{7AE6E06B-72B0-49D4-B3B8-0D0402B27422}.Release|Any CPU.ActiveCfg = Release|Any CPU
		{7AE6E06B-72B0-49D4-B3B8-0D0402B27422}.Release|Any CPU.Build.0 = Release|Any CPU
	EndGlobalSection
	GlobalSection(SolutionProperties) = preSolution
		HideSolutionNode = FALSE
	EndGlobalSection
	GlobalSection(ExtensibilityGlobals) = postSolution
		SolutionGuid = {3F5668EE-03FB-4D09-AA16-3385CD2BF869}
	EndGlobalSection
EndGlobal
